{
  "pins" : [
    {
      "identity" : "checkout-sheet-kit-swift",
      "kind" : "remoteSourceControl",
      "location" : "https://github.com/Shopify/checkout-sheet-kit-swift",
      "state" : {
        "revision" : "f712493ad1d2afa6f362446d763897494e7db9e3",
        "version" : "3.4.0"
      }
    },
    {
      "identity" : "swift-package-manager-google-mobile-ads",
      "kind" : "remoteSourceControl",
      "location" : "https://github.com/googleads/swift-package-manager-google-mobile-ads.git",
      "state" : {
        "revision" : "7778cc1ab037c10dbbe026959e51e616bd961be9",
        "version" : "11.13.0"
      }
    },
    {
      "identity" : "swift-package-manager-google-user-messaging-platform",
      "kind" : "remoteSourceControl",
      "location" : "https://github.com/googleads/swift-package-manager-google-user-messaging-platform.git",
      "state" : {
        "revision" : "708a282840c2171ee63bd93b87afa49fe507d70e",
        "version" : "2.7.0"
      }
    }
  ],
  "version" : 2
}
